
Microsoft Visual Studio Solution File, Format Version 12.00
# Visual Studio Version 17
VisualStudioVersion = 17.7.34202.233
MinimumVisualStudioVersion = 10.0.40219.1
Project("{9A19103F-16F7-4668-BE54-9A1E7A4F7556}") = "ExcelAndBlazorApp.Server", "ExcelAndBlazorApp\Server\ExcelAndBlazorApp.Server.csproj", "{CBCF303B-0544-4302-A596-54CB7E788787}"
EndProject
Project("{9A19103F-16F7-4668-BE54-9A1E7A4F7556}") = "ExcelAndBlazorApp.Client", "ExcelAndBlazorApp\Client\ExcelAndBlazorApp.Client.csproj", "{F02C33F2-178D-4CA5-8A09-51C4C89219FF}"
EndProject
Project("{9A19103F-16F7-4668-BE54-9A1E7A4F7556}") = "ExcelAndBlazorApp.Shared", "ExcelAndBlazorApp\Shared\ExcelAndBlazorApp.Shared.csproj", "{7C5049F3-FE0B-4B13-A9D5-19AD557CEFF2}"
EndProject
Global
	GlobalSection(SolutionConfigurationPlatforms) = preSolution
		Debug|Any CPU = Debug|Any CPU
		Release|Any CPU = Release|Any CPU
	EndGlobalSection
	GlobalSection(ProjectConfigurationPlatforms) = postSolution
		{CBCF303B-0544-4302-A596-54CB7E788787}.Debug|Any CPU.ActiveCfg = Debug|Any CPU
		{CBCF303B-0544-4302-A596-54CB7E788787}.Debug|Any CPU.Build.0 = Debug|Any CPU
		{CBCF303B-0544-4302-A596-54CB7E788787}.Release|Any CPU.ActiveCfg = Release|Any CPU
		{CBCF303B-0544-4302-A596-54CB7E788787}.Release|Any CPU.Build.0 = Release|Any CPU
		{F02C33F2-178D-4CA5-8A09-51C4C89219FF}.Debug|Any CPU.ActiveCfg = Debug|Any CPU
		{F02C33F2-178D-4CA5-8A09-51C4C89219FF}.Debug|Any CPU.Build.0 = Debug|Any CPU
		{F02C33F2-178D-4CA5-8A09-51C4C89219FF}.Release|Any CPU.ActiveCfg = Release|Any CPU
		{F02C33F2-178D-4CA5-8A09-51C4C89219FF}.Release|Any CPU.Build.0 = Release|Any CPU
		{7C5049F3-FE0B-4B13-A9D5-19AD557CEFF2}.Debug|Any CPU.ActiveCfg = Debug|Any CPU
		{7C5049F3-FE0B-4B13-A9D5-19AD557CEFF2}.Debug|Any CPU.Build.0 = Debug|Any CPU
		{7C5049F3-FE0B-4B13-A9D5-19AD557CEFF2}.Release|Any CPU.ActiveCfg = Release|Any CPU
		{7C5049F3-FE0B-4B13-A9D5-19AD557CEFF2}.Release|Any CPU.Build.0 = Release|Any CPU
	EndGlobalSection
	GlobalSection(SolutionProperties) = preSolution
		HideSolutionNode = FALSE
	EndGlobalSection
	GlobalSection(ExtensibilityGlobals) = postSolution
		SolutionGuid = {3994CA46-9FDE-4C1D-9436-A8D86115472A}
	EndGlobalSection
EndGlobal
